
Microsoft Visual Studio Solution File, Format Version 12.00
# Visual Studio Version 17
VisualStudioVersion = 17.11.35327.3
MinimumVisualStudioVersion = 10.0.40219.1
Project("{FAE04EC0-301F-11D3-BF4B-00C04F79EFBC}") = "Extrados Backend", "Extrados Backend.csproj", "{2C5B5EAC-C3A3-4CC3-A51C-51126341EEEF}"
EndProject
Global
	GlobalSection(SolutionConfigurationPlatforms) = preSolution
		Debug|Any CPU = Debug|Any CPU
		Release|Any CPU = Release|Any CPU
	EndGlobalSection
	GlobalSection(ProjectConfigurationPlatforms) = postSolution
		{2C5B5EAC-C3A3-4CC3-A51C-51126341EEEF}.Debug|Any CPU.ActiveCfg = Debug|Any CPU
		{2C5B5EAC-C3A3-4CC3-A51C-51126341EEEF}.Debug|Any CPU.Build.0 = Debug|Any CPU
		{2C5B5EAC-C3A3-4CC3-A51C-51126341EEEF}.Release|Any CPU.ActiveCfg = Release|Any CPU
		{2C5B5EAC-C3A3-4CC3-A51C-51126341EEEF}.Release|Any CPU.Build.0 = Release|Any CPU
	EndGlobalSection
	GlobalSection(SolutionProperties) = preSolution
		HideSolutionNode = FALSE
	EndGlobalSection
	GlobalSection(ExtensibilityGlobals) = postSolution
		SolutionGuid = {4295F3F3-08CC-434F-9467-22DB9D5BD75B}
	EndGlobalSection
EndGlobal
